// !$*UTF8*$!
{
	archiveVersion = 1;
	classes = {
	};
	objectVersion = 55;
	objects = {

/* Begin PBXBuildFile section */
		CB17A4B228355FB400C42932 /* AppDelegate.swift in Sources */ = {isa = PBXBuildFile; fileRef = CB17A4B128355FB400C42932 /* AppDelegate.swift */; };
		CB17A4B428355FB400C42932 /* SceneDelegate.swift in Sources */ = {isa = PBXBuildFile; fileRef = CB17A4B328355FB400C42932 /* SceneDelegate.swift */; };
		CB17A4B628355FB400C42932 /* ViewController.swift in Sources */ = {isa = PBXBuildFile; fileRef = CB17A4B528355FB400C42932 /* ViewController.swift */; };
		CB17A4B928355FB400C42932 /* Main.storyboard in Resources */ = {isa = PBXBuildFile; fileRef = CB17A4B728355FB400C42932 /* Main.storyboard */; };
		CB17A4BC28355FB400C42932 /* SLesson1.xcdatamodeld in Sources */ = {isa = PBXBuildFile; fileRef = CB17A4BA28355FB400C42932 /* SLesson1.xcdatamodeld */; };
		CB17A4BE28355FB500C42932 /* Assets.xcassets in Resources */ = {isa = PBXBuildFile; fileRef = CB17A4BD28355FB500C42932 /* Assets.xcassets */; };
		CB17A4C128355FB500C42932 /* LaunchScreen.storyboard in Resources */ = {isa = PBXBuildFile; fileRef = CB17A4BF28355FB500C42932 /* LaunchScreen.storyboard */; };
		CB45DD1B284D2AF600FF0568 /* btn_click_sound.mp3 in Resources */ = {isa = PBXBuildFile; fileRef = CB45DD1A284D2AF600FF0568 /* btn_click_sound.mp3 */; };
		CB45DD21284D35C700FF0568 /* a3.mp3 in Resources */ = {isa = PBXBuildFile; fileRef = CB45DD1C284D35C700FF0568 /* a3.mp3 */; };
		CB45DD22284D35C700FF0568 /* a1.mp3 in Resources */ = {isa = PBXBuildFile; fileRef = CB45DD1D284D35C700FF0568 /* a1.mp3 */; };
		CB45DD23284D35C700FF0568 /* a5.mp3 in Resources */ = {isa = PBXBuildFile; fileRef = CB45DD1E284D35C700FF0568 /* a5.mp3 */; };
		CB45DD24284D35C700FF0568 /* a4.mp3 in Resources */ = {isa = PBXBuildFile; fileRef = CB45DD1F284D35C700FF0568 /* a4.mp3 */; };
		CB45DD25284D35C700FF0568 /* a2.mp3 in Resources */ = {isa = PBXBuildFile; fileRef = CB45DD20284D35C700FF0568 /* a2.mp3 */; };
		CB45DD27284D3BDD00FF0568 /* soundtrack.mp3 in Resources */ = {isa = PBXBuildFile; fileRef = CB45DD26284D3BDD00FF0568 /* soundtrack.mp3 */; };
		CB5EFCA1283935C7002D9858 /* ResultViewController.swift in Sources */ = {isa = PBXBuildFile; fileRef = CB5EFCA0283935C7002D9858 /* ResultViewController.swift */; };
		CBA9F24D283BF29A001FE71F /* data.swift in Sources */ = {isa = PBXBuildFile; fileRef = CBA9F24C283BF29A001FE71F /* data.swift */; };
		CBA9F251283BF86A001FE71F /* DifficultyViewController.swift in Sources */ = {isa = PBXBuildFile; fileRef = CBA9F250283BF86A001FE71F /* DifficultyViewController.swift */; };
/* End PBXBuildFile section */

/* Begin PBXFileReference section */
		CB17A4AE28355FB400C42932 /* SLesson1.app */ = {isa = PBXFileReference; explicitFileType = wrapper.application; includeInIndex = 0; path = SLesson1.app; sourceTree = BUILT_PRODUCTS_DIR; };
		CB17A4B128355FB400C42932 /* AppDelegate.swift */ = {isa = PBXFileReference; lastKnownFileType = sourcecode.swift; path = AppDelegate.swift; sourceTree = "<group>"; };
		CB17A4B328355FB400C42932 /* SceneDelegate.swift */ = {isa = PBXFileReference; lastKnownFileType = sourcecode.swift; path = SceneDelegate.swift; sourceTree = "<group>"; };
		CB17A4B528355FB400C42932 /* ViewController.swift */ = {isa = PBXFileReference; lastKnownFileType = sourcecode.swift; path = ViewController.swift; sourceTree = "<group>"; };
		CB17A4B828355FB400C42932 /* Base */ = {isa = PBXFileReference; lastKnownFileType = file.storyboard; name = Base; path = Base.lproj/Main.storyboard; sourceTree = "<group>"; };
		CB17A4BB28355FB400C42932 /* SLesson1.xcdatamodel */ = {isa = PBXFileReference; lastKnownFileType = wrapper.xcdatamodel; path = SLesson1.xcdatamodel; sourceTree = "<group>"; };
		CB17A4BD28355FB500C42932 /* Assets.xcassets */ = {isa = PBXFileReference; lastKnownFileType = folder.assetcatalog; path = Assets.xcassets; sourceTree = "<group>"; };
		CB17A4C028355FB500C42932 /* Base */ = {isa = PBXFileReference; lastKnownFileType = file.storyboard; name = Base; path = Base.lproj/LaunchScreen.storyboard; sourceTree = "<group>"; };
		CB17A4C228355FB500C42932 /* Info.plist */ = {isa = PBXFileReference; lastKnownFileType = text.plist.xml; path = Info.plist; sourceTree = "<group>"; };
		CB45DD1A284D2AF600FF0568 /* btn_click_sound.mp3 */ = {isa = PBXFileReference; lastKnownFileType = audio.mp3; name = btn_click_sound.mp3; path = ../../../../../../Downloads/btn_click_sound.mp3; sourceTree = "<group>"; };
		CB45DD1C284D35C700FF0568 /* a3.mp3 */ = {isa = PBXFileReference; lastKnownFileType = audio.mp3; name = a3.mp3; path = ../../../../../../Desktop/a3.mp3; sourceTree = "<group>"; };
		CB45DD1D284D35C700FF0568 /* a1.mp3 */ = {isa = PBXFileReference; lastKnownFileType = audio.mp3; name = a1.mp3; path = ../../../../../../Desktop/a1.mp3; sourceTree = "<group>"; };
		CB45DD1E284D35C700FF0568 /* a5.mp3 */ = {isa = PBXFileReference; lastKnownFileType = audio.mp3; name = a5.mp3; path = ../../../../../../Desktop/a5.mp3; sourceTree = "<group>"; };
		CB45DD1F284D35C700FF0568 /* a4.mp3 */ = {isa = PBXFileReference; lastKnownFileType = audio.mp3; name = a4.mp3; path = ../../../../../../Desktop/a4.mp3; sourceTree = "<group>"; };
		CB45DD20284D35C700FF0568 /* a2.mp3 */ = {isa = PBXFileReference; lastKnownFileType = audio.mp3; name = a2.mp3; path = ../../../../../../Desktop/a2.mp3; sourceTree = "<group>"; };
		CB45DD26284D3BDD00FF0568 /* soundtrack.mp3 */ = {isa = PBXFileReference; lastKnownFileType = audio.mp3; name = soundtrack.mp3; path = ../../../../../../Desktop/soundtrack.mp3; sourceTree = "<group>"; };
		CB5EFCA0283935C7002D9858 /* ResultViewController.swift */ = {isa = PBXFileReference; lastKnownFileType = sourcecode.swift; path = ResultViewController.swift; sourceTree = "<group>"; };
		CBA9F24C283BF29A001FE71F /* data.swift */ = {isa = PBXFileReference; lastKnownFileType = sourcecode.swift; path = data.swift; sourceTree = "<group>"; };
		CBA9F250283BF86A001FE71F /* DifficultyViewController.swift */ = {isa = PBXFileReference; lastKnownFileType = sourcecode.swift; path = DifficultyViewController.swift; sourceTree = "<group>"; };
/* End PBXFileReference section */

/* Begin PBXFrameworksBuildPhase section */
		CB17A4AB28355FB400C42932 /* Frameworks */ = {
			isa = PBXFrameworksBuildPhase;
			buildActionMask = 2147483647;
			files = (
			);
			runOnlyForDeploymentPostprocessing = 0;
		};
/* End PBXFrameworksBuildPhase section */

/* Begin PBXGroup section */
		CB17A4A528355FB400C42932 = {
			isa = PBXGroup;
			children = (
				CB17A4B028355FB400C42932 /* SLesson1 */,
				CB17A4AF28355FB400C42932 /* Products */,
			);
			sourceTree = "<group>";
		};
		CB17A4AF28355FB400C42932 /* Products */ = {
			isa = PBXGroup;
			children = (
				CB17A4AE28355FB400C42932 /* SLesson1.app */,
			);
			name = Products;
			sourceTree = "<group>";
		};
		CB17A4B028355FB400C42932 /* SLesson1 */ = {
			isa = PBXGroup;
			children = (
				CB45DD19284D2ADC00FF0568 /* sounds */,
				CBA9F24C283BF29A001FE71F /* data.swift */,
				CBA9F24F283BF2C1001FE71F /* ViewControllers */,
				CBA9F24E283BF2B3001FE71F /* Main */,
				CB17A4B728355FB400C42932 /* Main.storyboard */,
				CB17A4BD28355FB500C42932 /* Assets.xcassets */,
				CB17A4BF28355FB500C42932 /* LaunchScreen.storyboard */,
				CB17A4C228355FB500C42932 /* Info.plist */,
				CB17A4BA28355FB400C42932 /* SLesson1.xcdatamodeld */,
			);
			path = SLesson1;
			sourceTree = "<group>";
		};
		CB45DD19284D2ADC00FF0568 /* sounds */ = {
			isa = PBXGroup;
			children = (
				CB45DD1D284D35C700FF0568 /* a1.mp3 */,
				CB45DD20284D35C700FF0568 /* a2.mp3 */,
				CB45DD1C284D35C700FF0568 /* a3.mp3 */,
				CB45DD1F284D35C700FF0568 /* a4.mp3 */,
				CB45DD1E284D35C700FF0568 /* a5.mp3 */,
				CB45DD1A284D2AF600FF0568 /* btn_click_sound.mp3 */,
				CB45DD26284D3BDD00FF0568 /* soundtrack.mp3 */,
			);
			path = sounds;
			sourceTree = "<group>";
		};
		CBA9F24E283BF2B3001FE71F /* Main */ = {
			isa = PBXGroup;
			children = (
				CB17A4B128355FB400C42932 /* AppDelegate.swift */,
				CB17A4B328355FB400C42932 /* SceneDelegate.swift */,
			);
			path = Main;
			sourceTree = "<group>";
		};
		CBA9F24F283BF2C1001FE71F /* ViewControllers */ = {
			isa = PBXGroup;
			children = (
				CB5EFCA0283935C7002D9858 /* ResultViewController.swift */,
				CB17A4B528355FB400C42932 /* ViewController.swift */,
				CBA9F250283BF86A001FE71F /* DifficultyViewController.swift */,
			);
			path = ViewControllers;
			sourceTree = "<group>";
		};
/* End PBXGroup section */

/* Begin PBXNativeTarget section */
		CB17A4AD28355FB400C42932 /* SLesson1 */ = {
			isa = PBXNativeTarget;
			buildConfigurationList = CB17A4C528355FB500C42932 /* Build configuration list for PBXNativeTarget "SLesson1" */;
			buildPhases = (
				CB17A4AA28355FB400C42932 /* Sources */,
				CB17A4AB28355FB400C42932 /* Frameworks */,
				CB17A4AC28355FB400C42932 /* Resources */,
			);
			buildRules = (
			);
			dependencies = (
			);
			name = SLesson1;
			productName = SLesson1;
			productReference = CB17A4AE28355FB400C42932 /* SLesson1.app */;
			productType = "com.apple.product-type.application";
		};
/* End PBXNativeTarget section */

/* Begin PBXProject section */
		CB17A4A628355FB400C42932 /* Project object */ = {
			isa = PBXProject;
			attributes = {
				BuildIndependentTargetsInParallel = 1;
				KnownAssetTags = (
					easy,
				);
				LastSwiftUpdateCheck = 1340;
				LastUpgradeCheck = 1340;
				TargetAttributes = {
					CB17A4AD28355FB400C42932 = {
						CreatedOnToolsVersion = 13.4;
					};
				};
			};
			buildConfigurationList = CB17A4A928355FB400C42932 /* Build configuration list for PBXProject "SLesson1" */;
			compatibilityVersion = "Xcode 13.0";
			developmentRegion = en;
			hasScannedForEncodings = 0;
			knownRegions = (
				en,
				Base,
			);
			mainGroup = CB17A4A528355FB400C42932;
			productRefGroup = CB17A4AF28355FB400C42932 /* Products */;
			projectDirPath = "";
			projectRoot = "";
			targets = (
				CB17A4AD28355FB400C42932 /* SLesson1 */,
			);
		};
/* End PBXProject section */

/* Begin PBXResourcesBuildPhase section */
		CB17A4AC28355FB400C42932 /* Resources */ = {
			isa = PBXResourcesBuildPhase;
			buildActionMask = 2147483647;
			files = (
				CB45DD21284D35C700FF0568 /* a3.mp3 in Resources */,
				CB45DD24284D35C700FF0568 /* a4.mp3 in Resources */,
				CB17A4C128355FB500C42932 /* LaunchScreen.storyboard in Resources */,
				CB17A4BE28355FB500C42932 /* Assets.xcassets in Resources */,
				CB45DD27284D3BDD00FF0568 /* soundtrack.mp3 in Resources */,
				CB17A4B928355FB400C42932 /* Main.storyboard in Resources */,
				CB45DD22284D35C700FF0568 /* a1.mp3 in Resources */,
				CB45DD25284D35C700FF0568 /* a2.mp3 in Resources */,
				CB45DD23284D35C700FF0568 /* a5.mp3 in Resources */,
				CB45DD1B284D2AF600FF0568 /* btn_click_sound.mp3 in Resources */,
			);
			runOnlyForDeploymentPostprocessing = 0;
		};
/* End PBXResourcesBuildPhase section */

/* Begin PBXSourcesBuildPhase section */
		CB17A4AA28355FB400C42932 /* Sources */ = {
			isa = PBXSourcesBuildPhase;
			buildActionMask = 2147483647;
			files = (
				CB5EFCA1283935C7002D9858 /* ResultViewController.swift in Sources */,
				CBA9F24D283BF29A001FE71F /* data.swift in Sources */,
				CB17A4B628355FB400C42932 /* ViewController.swift in Sources */,
				CBA9F251283BF86A001FE71F /* DifficultyViewController.swift in Sources */,
				CB17A4BC28355FB400C42932 /* SLesson1.xcdatamodeld in Sources */,
				CB17A4B228355FB400C42932 /* AppDelegate.swift in Sources */,
				CB17A4B428355FB400C42932 /* SceneDelegate.swift in Sources */,
			);
			runOnlyForDeploymentPostprocessing = 0;
		};
/* End PBXSourcesBuildPhase section */

/* Begin PBXVariantGroup section */
		CB17A4B728355FB400C42932 /* Main.storyboard */ = {
			isa = PBXVariantGroup;
			children = (
				CB17A4B828355FB400C42932 /* Base */,
			);
			name = Main.storyboard;
			sourceTree = "<group>";
		};
		CB17A4BF28355FB500C42932 /* LaunchScreen.storyboard */ = {
			isa = PBXVariantGroup;
			children = (
				CB17A4C028355FB500C42932 /* Base */,
			);
			name = LaunchScreen.storyboard;
			sourceTree = "<group>";
		};
/* End PBXVariantGroup section */

/* Begin XCBuildConfiguration section */
		CB17A4C328355FB500C42932 /* Debug */ = {
			isa = XCBuildConfiguration;
			buildSettings = {
				ALWAYS_SEARCH_USER_PATHS = NO;
				CLANG_ANALYZER_NONNULL = YES;
				CLANG_ANALYZER_NUMBER_OBJECT_CONVERSION = YES_AGGRESSIVE;
				CLANG_CXX_LANGUAGE_STANDARD = "gnu++17";
				CLANG_ENABLE_MODULES = YES;
				CLANG_ENABLE_OBJC_ARC = YES;
				CLANG_ENABLE_OBJC_WEAK = YES;
				CLANG_WARN_BLOCK_CAPTURE_AUTORELEASING = YES;
				CLANG_WARN_BOOL_CONVERSION = YES;
				CLANG_WARN_COMMA = YES;
				CLANG_WARN_CONSTANT_CONVERSION = YES;
				CLANG_WARN_DEPRECATED_OBJC_IMPLEMENTATIONS = YES;
				CLANG_WARN_DIRECT_OBJC_ISA_USAGE = YES_ERROR;
				CLANG_WARN_DOCUMENTATION_COMMENTS = YES;
				CLANG_WARN_EMPTY_BODY = YES;
				CLANG_WARN_ENUM_CONVERSION = YES;
				CLANG_WARN_INFINITE_RECURSION = YES;
				CLANG_WARN_INT_CONVERSION = YES;
				CLANG_WARN_NON_LITERAL_NULL_CONVERSION = YES;
				CLANG_WARN_OBJC_IMPLICIT_RETAIN_SELF = YES;
				CLANG_WARN_OBJC_LITERAL_CONVERSION = YES;
				CLANG_WARN_OBJC_ROOT_CLASS = YES_ERROR;
				CLANG_WARN_QUOTED_INCLUDE_IN_FRAMEWORK_HEADER = YES;
				CLANG_WARN_RANGE_LOOP_ANALYSIS = YES;
				CLANG_WARN_STRICT_PROTOTYPES = YES;
				CLANG_WARN_SUSPICIOUS_MOVE = YES;
				CLANG_WARN_UNGUARDED_AVAILABILITY = YES_AGGRESSIVE;
				CLANG_WARN_UNREACHABLE_CODE = YES;
				CLANG_WARN__DUPLICATE_METHOD_MATCH = YES;
				COPY_PHASE_STRIP = NO;
				DEBUG_INFORMATION_FORMAT = dwarf;
				ENABLE_STRICT_OBJC_MSGSEND = YES;
				ENABLE_TESTABILITY = YES;
				GCC_C_LANGUAGE_STANDARD = gnu11;
				GCC_DYNAMIC_NO_PIC = NO;
				GCC_NO_COMMON_BLOCKS = YES;
				GCC_OPTIMIZATION_LEVEL = 0;
				GCC_PREPROCESSOR_DEFINITIONS = (
					"DEBUG=1",
					"$(inherited)",
				);
				GCC_WARN_64_TO_32_BIT_CONVERSION = YES;
				GCC_WARN_ABOUT_RETURN_TYPE = YES_ERROR;
				GCC_WARN_UNDECLARED_SELECTOR = YES;
				GCC_WARN_UNINITIALIZED_AUTOS = YES_AGGRESSIVE;
				GCC_WARN_UNUSED_FUNCTION = YES;
				GCC_WARN_UNUSED_VARIABLE = YES;
				IPHONEOS_DEPLOYMENT_TARGET = 15.4;
				MTL_ENABLE_DEBUG_INFO = INCLUDE_SOURCE;
				MTL_FAST_MATH = YES;
				ONLY_ACTIVE_ARCH = YES;
				SDKROOT = iphoneos;
				SWIFT_ACTIVE_COMPILATION_CONDITIONS = DEBUG;
				SWIFT_OPTIMIZATION_LEVEL = "-Onone";
			};
			name = Debug;
		};
		CB17A4C428355FB500C42932 /* Release */ = {
			isa = XCBuildConfiguration;
			buildSettings = {
				ALWAYS_SEARCH_USER_PATHS = NO;
				CLANG_ANALYZER_NONNULL = YES;
				CLANG_ANALYZER_NUMBER_OBJECT_CONVERSION = YES_AGGRESSIVE;
				CLANG_CXX_LANGUAGE_STANDARD = "gnu++17";
				CLANG_ENABLE_MODULES = YES;
				CLANG_ENABLE_OBJC_ARC = YES;
				CLANG_ENABLE_OBJC_WEAK = YES;
				CLANG_WARN_BLOCK_CAPTURE_AUTORELEASING = YES;
				CLANG_WARN_BOOL_CONVERSION = YES;
				CLANG_WARN_COMMA = YES;
				CLANG_WARN_CONSTANT_CONVERSION = YES;
				CLANG_WARN_DEPRECATED_OBJC_IMPLEMENTATIONS = YES;
				CLANG_WARN_DIRECT_OBJC_ISA_USAGE = YES_ERROR;
				CLANG_WARN_DOCUMENTATION_COMMENTS = YES;
				CLANG_WARN_EMPTY_BODY = YES;
				CLANG_WARN_ENUM_CONVERSION = YES;
				CLANG_WARN_INFINITE_RECURSION = YES;
				CLANG_WARN_INT_CONVERSION = YES;
				CLANG_WARN_NON_LITERAL_NULL_CONVERSION = YES;
				CLANG_WARN_OBJC_IMPLICIT_RETAIN_SELF = YES;
				CLANG_WARN_OBJC_LITERAL_CONVERSION = YES;
				CLANG_WARN_OBJC_ROOT_CLASS = YES_ERROR;
				CLANG_WARN_QUOTED_INCLUDE_IN_FRAMEWORK_HEADER = YES;
				CLANG_WARN_RANGE_LOOP_ANALYSIS = YES;
				CLANG_WARN_STRICT_PROTOTYPES = YES;
				CLANG_WARN_SUSPICIOUS_MOVE = YES;
				CLANG_WARN_UNGUARDED_AVAILABILITY = YES_AGGRESSIVE;
				CLANG_WARN_UNREACHABLE_CODE = YES;
				CLANG_WARN__DUPLICATE_METHOD_MATCH = YES;
				COPY_PHASE_STRIP = NO;
				DEBUG_INFORMATION_FORMAT = "dwarf-with-dsym";
				ENABLE_NS_ASSERTIONS = NO;
				ENABLE_STRICT_OBJC_MSGSEND = YES;
				GCC_C_LANGUAGE_STANDARD = gnu11;
				GCC_NO_COMMON_BLOCKS = YES;
				GCC_WARN_64_TO_32_BIT_CONVERSION = YES;
				GCC_WARN_ABOUT_RETURN_TYPE = YES_ERROR;
				GCC_WARN_UNDECLARED_SELECTOR = YES;
				GCC_WARN_UNINITIALIZED_AUTOS = YES_AGGRESSIVE;
				GCC_WARN_UNUSED_FUNCTION = YES;
				GCC_WARN_UNUSED_VARIABLE = YES;
				IPHONEOS_DEPLOYMENT_TARGET = 15.4;
				MTL_ENABLE_DEBUG_INFO = NO;
				MTL_FAST_MATH = YES;
				SDKROOT = iphoneos;
				SWIFT_COMPILATION_MODE = wholemodule;
				SWIFT_OPTIMIZATION_LEVEL = "-O";
				VALIDATE_PRODUCT = YES;
			};
			name = Release;
		};
		CB17A4C628355FB500C42932 /* Debug */ = {
			isa = XCBuildConfiguration;
			buildSettings = {
				ASSETCATALOG_COMPILER_APPICON_NAME = AppIcon;
				ASSETCATALOG_COMPILER_GLOBAL_ACCENT_COLOR_NAME = AccentColor;
				CODE_SIGN_STYLE = Automatic;
				CURRENT_PROJECT_VERSION = 1;
				DEVELOPMENT_TEAM = 275V98A99V;
				GENERATE_INFOPLIST_FILE = YES;
				INFOPLIST_FILE = SLesson1/Info.plist;
				INFOPLIST_KEY_UIApplicationSupportsIndirectInputEvents = YES;
				INFOPLIST_KEY_UILaunchStoryboardName = LaunchScreen;
				INFOPLIST_KEY_UIMainStoryboardFile = Main;
				INFOPLIST_KEY_UISupportedInterfaceOrientations_iPad = "UIInterfaceOrientationPortrait UIInterfaceOrientationPortraitUpsideDown UIInterfaceOrientationLandscapeLeft UIInterfaceOrientationLandscapeRight";
				INFOPLIST_KEY_UISupportedInterfaceOrientations_iPhone = "UIInterfaceOrientationPortrait UIInterfaceOrientationLandscapeLeft UIInterfaceOrientationLandscapeRight";
				IPHONEOS_DEPLOYMENT_TARGET = 15.4;
				LD_RUNPATH_SEARCH_PATHS = (
					"$(inherited)",
					"@executable_path/Frameworks",
				);
				MARKETING_VERSION = 1.0;
				PRODUCT_BUNDLE_IDENTIFIER = org.pandavandama.SLesson1;
				PRODUCT_NAME = "$(TARGET_NAME)";
				SWIFT_EMIT_LOC_STRINGS = YES;
				SWIFT_VERSION = 5.0;
				TARGETED_DEVICE_FAMILY = "1,2";
			};
			name = Debug;
		};
		CB17A4C728355FB500C42932 /* Release */ = {
			isa = XCBuildConfiguration;
			buildSettings = {
				ASSETCATALOG_COMPILER_APPICON_NAME = AppIcon;
				ASSETCATALOG_COMPILER_GLOBAL_ACCENT_COLOR_NAME = AccentColor;
				CODE_SIGN_STYLE = Automatic;
				CURRENT_PROJECT_VERSION = 1;
				DEVELOPMENT_TEAM = 275V98A99V;
				GENERATE_INFOPLIST_FILE = YES;
				INFOPLIST_FILE = SLesson1/Info.plist;
				INFOPLIST_KEY_UIApplicationSupportsIndirectInputEvents = YES;
				INFOPLIST_KEY_UILaunchStoryboardName = LaunchScreen;
				INFOPLIST_KEY_UIMainStoryboardFile = Main;
				INFOPLIST_KEY_UISupportedInterfaceOrientations_iPad = "UIInterfaceOrientationPortrait UIInterfaceOrientationPortraitUpsideDown UIInterfaceOrientationLandscapeLeft UIInterfaceOrientationLandscapeRight";
				INFOPLIST_KEY_UISupportedInterfaceOrientations_iPhone = "UIInterfaceOrientationPortrait UIInterfaceOrientationLandscapeLeft UIInterfaceOrientationLandscapeRight";
				IPHONEOS_DEPLOYMENT_TARGET = 15.4;
				LD_RUNPATH_SEARCH_PATHS = (
					"$(inherited)",
					"@executable_path/Frameworks",
				);
				MARKETING_VERSION = 1.0;
				PRODUCT_BUNDLE_IDENTIFIER = org.pandavandama.SLesson1;
				PRODUCT_NAME = "$(TARGET_NAME)";
				SWIFT_EMIT_LOC_STRINGS = YES;
				SWIFT_VERSION = 5.0;
				TARGETED_DEVICE_FAMILY = "1,2";
			};
			name = Release;
		};
/* End XCBuildConfiguration section */

/* Begin XCConfigurationList section */
		CB17A4A928355FB400C42932 /* Build configuration list for PBXProject "SLesson1" */ = {
			isa = XCConfigurationList;
			buildConfigurations = (
				CB17A4C328355FB500C42932 /* Debug */,
				CB17A4C428355FB500C42932 /* Release */,
			);
			defaultConfigurationIsVisible = 0;
			defaultConfigurationName = Release;
		};
		CB17A4C528355FB500C42932 /* Build configuration list for PBXNativeTarget "SLesson1" */ = {
			isa = XCConfigurationList;
			buildConfigurations = (
				CB17A4C628355FB500C42932 /* Debug */,
				CB17A4C728355FB500C42932 /* Release */,
			);
			defaultConfigurationIsVisible = 0;
			defaultConfigurationName = Release;
		};
/* End XCConfigurationList section */

/* Begin XCVersionGroup section */
		CB17A4BA28355FB400C42932 /* SLesson1.xcdatamodeld */ = {
			isa = XCVersionGroup;
			children = (
				CB17A4BB28355FB400C42932 /* SLesson1.xcdatamodel */,
			);
			currentVersion = CB17A4BB28355FB400C42932 /* SLesson1.xcdatamodel */;
			path = SLesson1.xcdatamodeld;
			sourceTree = "<group>";
			versionGroupType = wrapper.xcdatamodel;
		};
/* End XCVersionGroup section */
	};
	rootObject = CB17A4A628355FB400C42932 /* Project object */;
}
